
Microsoft Visual Studio Solution File, Format Version 12.00
# Visual Studio Version 17
VisualStudioVersion = 17.9.34622.214
MinimumVisualStudioVersion = 10.0.40219.1
Project("{FAE04EC0-301F-11D3-BF4B-00C04F79EFBC}") = "project.PL", "project.PL\project.PL.csproj", "{26383961-2F1E-4012-BE0B-300EC67758D8}"
EndProject
Project("{FAE04EC0-301F-11D3-BF4B-00C04F79EFBC}") = "project.DAL", "project.DAL\project.DAL.csproj", "{F5E22701-AEE5-42DB-8360-CC3040709D9D}"
EndProject
Project("{FAE04EC0-301F-11D3-BF4B-00C04F79EFBC}") = "project.BLL", "project.BLL\project.BLL.csproj", "{6C33FACB-708A-49B1-BD48-93F6198ED5ED}"
EndProject
Global
	GlobalSection(SolutionConfigurationPlatforms) = preSolution
		Debug|Any CPU = Debug|Any CPU
		Release|Any CPU = Release|Any CPU
	EndGlobalSection
	GlobalSection(ProjectConfigurationPlatforms) = postSolution
		{26383961-2F1E-4012-BE0B-300EC67758D8}.Debug|Any CPU.ActiveCfg = Debug|Any CPU
		{26383961-2F1E-4012-BE0B-300EC67758D8}.Debug|Any CPU.Build.0 = Debug|Any CPU
		{26383961-2F1E-4012-BE0B-300EC67758D8}.Release|Any CPU.ActiveCfg = Release|Any CPU
		{26383961-2F1E-4012-BE0B-300EC67758D8}.Release|Any CPU.Build.0 = Release|Any CPU
		{F5E22701-AEE5-42DB-8360-CC3040709D9D}.Debug|Any CPU.ActiveCfg = Debug|Any CPU
		{F5E22701-AEE5-42DB-8360-CC3040709D9D}.Debug|Any CPU.Build.0 = Debug|Any CPU
		{F5E22701-AEE5-42DB-8360-CC3040709D9D}.Release|Any CPU.ActiveCfg = Release|Any CPU
		{F5E22701-AEE5-42DB-8360-CC3040709D9D}.Release|Any CPU.Build.0 = Release|Any CPU
		{6C33FACB-708A-49B1-BD48-93F6198ED5ED}.Debug|Any CPU.ActiveCfg = Debug|Any CPU
		{6C33FACB-708A-49B1-BD48-93F6198ED5ED}.Debug|Any CPU.Build.0 = Debug|Any CPU
		{6C33FACB-708A-49B1-BD48-93F6198ED5ED}.Release|Any CPU.ActiveCfg = Release|Any CPU
		{6C33FACB-708A-49B1-BD48-93F6198ED5ED}.Release|Any CPU.Build.0 = Release|Any CPU
	EndGlobalSection
	GlobalSection(SolutionProperties) = preSolution
		HideSolutionNode = FALSE
	EndGlobalSection
	GlobalSection(ExtensibilityGlobals) = postSolution
		SolutionGuid = {D38015E7-41FB-40F0-AA86-BCDC46A91726}
	EndGlobalSection
EndGlobal
